
Microsoft Visual Studio Solution File, Format Version 12.00
# Visual Studio Version 17
VisualStudioVersion = 17.9.34723.18
MinimumVisualStudioVersion = 10.0.40219.1
Project("{FAE04EC0-301F-11D3-BF4B-00C04F79EFBC}") = "TestGetDataTable", "TestGetDataTable\TestGetDataTable.csproj", "{4C26A406-184F-49E8-BEA1-A0E35EC73E27}"
EndProject
Global
	GlobalSection(SolutionConfigurationPlatforms) = preSolution
		Debug|Any CPU = Debug|Any CPU
		Release|Any CPU = Release|Any CPU
	EndGlobalSection
	GlobalSection(ProjectConfigurationPlatforms) = postSolution
		{4C26A406-184F-49E8-BEA1-A0E35EC73E27}.Debug|Any CPU.ActiveCfg = Debug|Any CPU
		{4C26A406-184F-49E8-BEA1-A0E35EC73E27}.Debug|Any CPU.Build.0 = Debug|Any CPU
		{4C26A406-184F-49E8-BEA1-A0E35EC73E27}.Release|Any CPU.ActiveCfg = Release|Any CPU
		{4C26A406-184F-49E8-BEA1-A0E35EC73E27}.Release|Any CPU.Build.0 = Release|Any CPU
	EndGlobalSection
	GlobalSection(SolutionProperties) = preSolution
		HideSolutionNode = FALSE
	EndGlobalSection
	GlobalSection(ExtensibilityGlobals) = postSolution
		SolutionGuid = {7CA54085-EA72-438B-92F3-6578C6620B5A}
	EndGlobalSection
EndGlobal
